
Microsoft Visual Studio Solution File, Format Version 12.00
# Visual Studio 14
VisualStudioVersion = 14.0.25420.1
MinimumVisualStudioVersion = 10.0.40219.1
Project("{FAE04EC0-301F-11D3-BF4B-00C04F79EFBC}") = "Grades", "Grades\Grades.csproj", "{566DE87D-5DF1-4EF2-9CE1-9E984E576A9B}"
EndProject
Project("{FAE04EC0-301F-11D3-BF4B-00C04F79EFBC}") = "testingModule2coursesDiceGame", "testingModule2courses\testingModule2coursesDiceGame.csproj", "{E4908193-0B74-4165-9042-21483A1CFA7E}"
EndProject
Project("{FAE04EC0-301F-11D3-BF4B-00C04F79EFBC}") = "types", "types\types.csproj", "{975C7FD3-4ED0-456C-9AE0-9AEAB31D4DDE}"
EndProject
Project("{FAE04EC0-301F-11D3-BF4B-00C04F79EFBC}") = "Testing", "Testing\Testing.csproj", "{9773963F-598A-42F2-B277-D89073B3F46A}"
EndProject
Project("{FAE04EC0-301F-11D3-BF4B-00C04F79EFBC}") = "FieldsandProperties", "FieldsandProperties\FieldsandProperties.csproj", "{F8D44448-5349-4CEA-84BC-504E8813F784}"
EndProject
Project("{FAE04EC0-301F-11D3-BF4B-00C04F79EFBC}") = "HandlingExceptions", "HandlingExceptions\HandlingExceptions.csproj", "{CA3E286F-F794-4EE4-AC84-726A303A1941}"
EndProject
Project("{FAE04EC0-301F-11D3-BF4B-00C04F79EFBC}") = "ListTesting", "ConsoleApplication1\ListTesting.csproj", "{C6811A0E-D310-412B-9412-5A6620D167DC}"
EndProject
Global
	GlobalSection(SolutionConfigurationPlatforms) = preSolution
		Debug|Any CPU = Debug|Any CPU
		Release|Any CPU = Release|Any CPU
	EndGlobalSection
	GlobalSection(ProjectConfigurationPlatforms) = postSolution
		{566DE87D-5DF1-4EF2-9CE1-9E984E576A9B}.Debug|Any CPU.ActiveCfg = Debug|Any CPU
		{566DE87D-5DF1-4EF2-9CE1-9E984E576A9B}.Debug|Any CPU.Build.0 = Debug|Any CPU
		{566DE87D-5DF1-4EF2-9CE1-9E984E576A9B}.Release|Any CPU.ActiveCfg = Release|Any CPU
		{566DE87D-5DF1-4EF2-9CE1-9E984E576A9B}.Release|Any CPU.Build.0 = Release|Any CPU
		{E4908193-0B74-4165-9042-21483A1CFA7E}.Debug|Any CPU.ActiveCfg = Debug|Any CPU
		{E4908193-0B74-4165-9042-21483A1CFA7E}.Debug|Any CPU.Build.0 = Debug|Any CPU
		{E4908193-0B74-4165-9042-21483A1CFA7E}.Release|Any CPU.ActiveCfg = Release|Any CPU
		{E4908193-0B74-4165-9042-21483A1CFA7E}.Release|Any CPU.Build.0 = Release|Any CPU
		{975C7FD3-4ED0-456C-9AE0-9AEAB31D4DDE}.Debug|Any CPU.ActiveCfg = Debug|Any CPU
		{975C7FD3-4ED0-456C-9AE0-9AEAB31D4DDE}.Debug|Any CPU.Build.0 = Debug|Any CPU
		{975C7FD3-4ED0-456C-9AE0-9AEAB31D4DDE}.Release|Any CPU.ActiveCfg = Release|Any CPU
		{975C7FD3-4ED0-456C-9AE0-9AEAB31D4DDE}.Release|Any CPU.Build.0 = Release|Any CPU
		{9773963F-598A-42F2-B277-D89073B3F46A}.Debug|Any CPU.ActiveCfg = Debug|Any CPU
		{9773963F-598A-42F2-B277-D89073B3F46A}.Debug|Any CPU.Build.0 = Debug|Any CPU
		{9773963F-598A-42F2-B277-D89073B3F46A}.Release|Any CPU.ActiveCfg = Release|Any CPU
		{9773963F-598A-42F2-B277-D89073B3F46A}.Release|Any CPU.Build.0 = Release|Any CPU
		{F8D44448-5349-4CEA-84BC-504E8813F784}.Debug|Any CPU.ActiveCfg = Debug|Any CPU
		{F8D44448-5349-4CEA-84BC-504E8813F784}.Debug|Any CPU.Build.0 = Debug|Any CPU
		{F8D44448-5349-4CEA-84BC-504E8813F784}.Release|Any CPU.ActiveCfg = Release|Any CPU
		{F8D44448-5349-4CEA-84BC-504E8813F784}.Release|Any CPU.Build.0 = Release|Any CPU
		{CA3E286F-F794-4EE4-AC84-726A303A1941}.Debug|Any CPU.ActiveCfg = Debug|Any CPU
		{CA3E286F-F794-4EE4-AC84-726A303A1941}.Debug|Any CPU.Build.0 = Debug|Any CPU
		{CA3E286F-F794-4EE4-AC84-726A303A1941}.Release|Any CPU.ActiveCfg = Release|Any CPU
		{CA3E286F-F794-4EE4-AC84-726A303A1941}.Release|Any CPU.Build.0 = Release|Any CPU
		{C6811A0E-D310-412B-9412-5A6620D167DC}.Debug|Any CPU.ActiveCfg = Debug|Any CPU
		{C6811A0E-D310-412B-9412-5A6620D167DC}.Debug|Any CPU.Build.0 = Debug|Any CPU
		{C6811A0E-D310-412B-9412-5A6620D167DC}.Release|Any CPU.ActiveCfg = Release|Any CPU
		{C6811A0E-D310-412B-9412-5A6620D167DC}.Release|Any CPU.Build.0 = Release|Any CPU
	EndGlobalSection
	GlobalSection(SolutionProperties) = preSolution
		HideSolutionNode = FALSE
	EndGlobalSection
EndGlobal
